
Microsoft Visual Studio Solution File, Format Version 12.00
# Visual Studio 15
Project("{FAE04EC0-301F-11D3-BF4B-00C04F79EFBC}") = "Team1_MyBank", "Team1_MyBank.csproj", "{364F9638-AA5C-4D37-879A-61A6185B3DB8}"
EndProject
Global
	GlobalSection(SolutionConfigurationPlatforms) = preSolution
		Debug|Any CPU = Debug|Any CPU
		Release|Any CPU = Release|Any CPU
	EndGlobalSection
	GlobalSection(ProjectConfigurationPlatforms) = postSolution
		{364F9638-AA5C-4D37-879A-61A6185B3DB8}.Debug|Any CPU.ActiveCfg = Debug|Any CPU
		{364F9638-AA5C-4D37-879A-61A6185B3DB8}.Debug|Any CPU.Build.0 = Debug|Any CPU
		{364F9638-AA5C-4D37-879A-61A6185B3DB8}.Release|Any CPU.ActiveCfg = Release|Any CPU
		{364F9638-AA5C-4D37-879A-61A6185B3DB8}.Release|Any CPU.Build.0 = Release|Any CPU
	EndGlobalSection
EndGlobal
